
Microsoft Visual Studio Solution File, Format Version 12.00
# Visual Studio Version 17
VisualStudioVersion = 17.1.32319.34
MinimumVisualStudioVersion = 10.0.40219.1
Project("{FAE04EC0-301F-11D3-BF4B-00C04F79EFBC}") = "Space_Invaders", "Space_Invaders\Space_Invaders.csproj", "{1C550AE3-1837-442E-B85B-944B7A87BAAF}"
EndProject
Global
	GlobalSection(SolutionConfigurationPlatforms) = preSolution
		Debug|Any CPU = Debug|Any CPU
		Release|Any CPU = Release|Any CPU
	EndGlobalSection
	GlobalSection(ProjectConfigurationPlatforms) = postSolution
		{1C550AE3-1837-442E-B85B-944B7A87BAAF}.Debug|Any CPU.ActiveCfg = Debug|Any CPU
		{1C550AE3-1837-442E-B85B-944B7A87BAAF}.Debug|Any CPU.Build.0 = Debug|Any CPU
		{1C550AE3-1837-442E-B85B-944B7A87BAAF}.Release|Any CPU.ActiveCfg = Release|Any CPU
		{1C550AE3-1837-442E-B85B-944B7A87BAAF}.Release|Any CPU.Build.0 = Release|Any CPU
	EndGlobalSection
	GlobalSection(SolutionProperties) = preSolution
		HideSolutionNode = FALSE
	EndGlobalSection
	GlobalSection(ExtensibilityGlobals) = postSolution
		SolutionGuid = {81FAF18B-BCAD-4610-998F-559EFA82F73A}
	EndGlobalSection
EndGlobal
